# This file was autogenerated by Stack.
# You should not edit this file by hand.
# For more information, please see the documentation at:
#   https://docs.haskellstack.org/en/stable/lock_files

packages:
- completed:
    size: 58817
    subdir: autodocodec
    url: https://github.com/NorfairKing/autodocodec/archive/45a112f16e132acde73994f6542ad996db6c5aa2.tar.gz
    name: autodocodec
    version: 0.0.1.0
    sha256: 182201571960c08de5209caa4160a565f9f50b9f603079a25ed65bf2fece88fa
    pantry-tree:
      size: 789
      sha256: bf5fcd9fcdb4c25d838def764d6fa17bc16176304ee6e5dd3606977dc53323cf
  original:
    subdir: autodocodec
    url: https://github.com/NorfairKing/autodocodec/archive/45a112f16e132acde73994f6542ad996db6c5aa2.tar.gz
- completed:
    size: 58817
    subdir: autodocodec-openapi3
    url: https://github.com/NorfairKing/autodocodec/archive/45a112f16e132acde73994f6542ad996db6c5aa2.tar.gz
    name: autodocodec-openapi3
    version: 0.0.1.0
    sha256: 182201571960c08de5209caa4160a565f9f50b9f603079a25ed65bf2fece88fa
    pantry-tree:
      size: 489
      sha256: 4b16ea4399dfd3fbde179806cd9fa34c985ba3304f32b533bd3b3f1ac207ae7b
  original:
    subdir: autodocodec-openapi3
    url: https://github.com/NorfairKing/autodocodec/archive/45a112f16e132acde73994f6542ad996db6c5aa2.tar.gz
- completed:
    size: 1961882
    subdir: dovetail
    url: https://github.com/paf31/dovetail/archive/60e00e247b643ad9c05e4137396ffddedcd8bcb6.tar.gz
    name: dovetail
    version: 0.1.1.0
    sha256: 64dcd48ee981f75d30a58294757a402f2a9c622de290999485a5812dfe0b28d3
    pantry-tree:
      size: 1720
      sha256: d79e4ab2d4faa782b888562430bba656fbdc06219eceb417fbc361238b5f9e9d
  original:
    subdir: dovetail
    url: https://github.com/paf31/dovetail/archive/60e00e247b643ad9c05e4137396ffddedcd8bcb6.tar.gz
- completed:
    size: 1961882
    subdir: dovetail-aeson
    url: https://github.com/paf31/dovetail/archive/60e00e247b643ad9c05e4137396ffddedcd8bcb6.tar.gz
    name: dovetail-aeson
    version: 0.1.0.0
    sha256: 64dcd48ee981f75d30a58294757a402f2a9c622de290999485a5812dfe0b28d3
    pantry-tree:
      size: 227
      sha256: b2a916b2133f3168a1039dfabe601f15b88ab0e1d7eb97989d334fe9ec2124cd
  original:
    subdir: dovetail-aeson
    url: https://github.com/paf31/dovetail/archive/60e00e247b643ad9c05e4137396ffddedcd8bcb6.tar.gz
- completed:
    size: 1961882
    subdir: dovetail-core
    url: https://github.com/paf31/dovetail/archive/60e00e247b643ad9c05e4137396ffddedcd8bcb6.tar.gz
    name: dovetail-core
    version: 0.1.0.0
    sha256: 64dcd48ee981f75d30a58294757a402f2a9c622de290999485a5812dfe0b28d3
    pantry-tree:
      size: 48722
      sha256: 43b4514195e06f440477f12d302641f48b87d3d0f4c927c4f6446d90772d4ec6
  original:
    subdir: dovetail-core
    url: https://github.com/paf31/dovetail/archive/60e00e247b643ad9c05e4137396ffddedcd8bcb6.tar.gz
- completed:
    hackage: language-javascript-0.7.0.0@sha256:3eab0262b8ac5621936a4beab6a0f97d0e00a63455a8b0e3ac1547b4088dae7d,3898
    pantry-tree:
      size: 2244
      sha256: b0f28d836cb3fbde203fd7318a896c3a20acd8653a905e1950ae2d9a64bccebf
  original:
    hackage: language-javascript-0.7.0.0@sha256:3eab0262b8ac5621936a4beab6a0f97d0e00a63455a8b0e3ac1547b4088dae7d,3898
- completed:
    hackage: purescript-0.14.5@sha256:511f50e7f267b65e1f656cdff9f9665073496efdf4375a3a86aa68496dae7281,18623
    pantry-tree:
      size: 121096
      sha256: 895dfc2fc938d99930f4ad17d1c475baf59efb4ad0c64519dfd09e482db38ff3
  original:
    hackage: purescript-0.14.5@sha256:511f50e7f267b65e1f656cdff9f9665073496efdf4375a3a86aa68496dae7281,18623
- completed:
    hackage: purescript-cst-0.4.0.0@sha256:bfe7be3962e83b645a4a8cd1805f31de17db3d3456962e1a2d17016fe5d7f96d,3861
    pantry-tree:
      size: 3018
      sha256: 1681432cc9fa87bc6344e7c604f94a15a016af6e4b7c3519ee035f0f51d90c9c
  original:
    hackage: purescript-cst-0.4.0.0@sha256:bfe7be3962e83b645a4a8cd1805f31de17db3d3456962e1a2d17016fe5d7f96d,3861
- completed:
    hackage: servant-0.19@sha256:8d1119c20d6eccb56e308642ec376eaa1b267a8dd761aa85a10e299e64371e3c,5562
    pantry-tree:
      size: 2802
      sha256: 20fd58aaba4380d0575ce8d61884440d6063c6509a57a7540bb8bce8c02e44a9
  original:
    hackage: servant-0.19
- completed:
    hackage: servant-client-0.19@sha256:a8b540cedf2e75f80dad2e99f2b8c7e4a4a050976858e075b45b122eaaa64399,4900
    pantry-tree:
      size: 1435
      sha256: 4ffa3bf817ae10eb48fe68a5f4008774697de687246d843ca5be66faea0700c0
  original:
    hackage: servant-client-0.19
- completed:
    hackage: servant-client-core-0.19@sha256:f022bf97c75d2cf1f8498252f4fb0033873467318ace61b13eadf3c481b362ea,3787
    pantry-tree:
      size: 1446
      sha256: d4775f75891d1e6cfafeb053c5e131920e4f393e2e9f84d0edce48b0c07013b2
  original:
    hackage: servant-client-core-0.19
- completed:
    hackage: servant-server-0.19@sha256:4d54e998602264149b3df705a770811a15b18343c2b0a6b0e7d25d9282f93409,5691
    pantry-tree:
      size: 2614
      sha256: db2dfcaa52403851f1d77bfde6afced09aa65de5ac91452e5fdf4dc041d3e412
  original:
    hackage: servant-server-0.19
- completed:
    hackage: servant-openapi3-2.0.1.4@sha256:07b4f58c5045f63b170cbab7c04179902016ffbc3fec59ec52b7e515caf30bbd,4897
    pantry-tree:
      size: 1637
      sha256: 97c540c31028da775ee9305429e2b267c625d0427f25203c778b3877410b449c
  original:
    hackage: servant-openapi3-2.0.1.4
snapshots:
- completed:
    size: 565712
    url: https://raw.githubusercontent.com/commercialhaskell/stackage-snapshots/master/lts/17/6.yaml
    sha256: 4e5e581a709c88e3fe26a9ce8bf331435729bead762fb5c190064c6c5bb1b835
  original: lts-17.6
